
Microsoft Visual Studio Solution File, Format Version 12.00
# Visual Studio Version 16
VisualStudioVersion = 16.0.31112.23
MinimumVisualStudioVersion = 10.0.40219.1
Project("{FAE04EC0-301F-11D3-BF4B-00C04F79EFBC}") = "Bookly", "Bookly.csproj", "{EFD0CEE7-6F95-4434-BF00-97D558A1C59B}"
EndProject
Global
	GlobalSection(SolutionConfigurationPlatforms) = preSolution
		Debug|Any CPU = Debug|Any CPU
		Release|Any CPU = Release|Any CPU
	EndGlobalSection
	GlobalSection(ProjectConfigurationPlatforms) = postSolution
		{EFD0CEE7-6F95-4434-BF00-97D558A1C59B}.Debug|Any CPU.ActiveCfg = Debug|Any CPU
		{EFD0CEE7-6F95-4434-BF00-97D558A1C59B}.Debug|Any CPU.Build.0 = Debug|Any CPU
		{EFD0CEE7-6F95-4434-BF00-97D558A1C59B}.Release|Any CPU.ActiveCfg = Release|Any CPU
		{EFD0CEE7-6F95-4434-BF00-97D558A1C59B}.Release|Any CPU.Build.0 = Release|Any CPU
	EndGlobalSection
	GlobalSection(SolutionProperties) = preSolution
		HideSolutionNode = FALSE
	EndGlobalSection
	GlobalSection(ExtensibilityGlobals) = postSolution
		SolutionGuid = {4C8F2851-9651-4009-A907-024844551109}
	EndGlobalSection
EndGlobal
